# This file was autogenerated by Stack.
# You should not edit this file by hand.
# For more information, please see the documentation at:
#   https://docs.haskellstack.org/en/stable/lock_files

packages:
- completed:
    hackage: clash-prelude-1.6.2@sha256:558367610497df640db94f75ae6160112f61d68dbc19e05ed875c28512593d50,16717
    pantry-tree:
      size: 13161
      sha256: 8d63b6439cf9fabfc1fc8b8b9aa5e65ae843d658cadee3fc965aa636a3e34f19
  original:
    hackage: clash-prelude-1.6.2
- completed:
    hackage: clash-lib-1.6.2@sha256:5efb2548346bc525c90e6b18cbb2c423bbebf9d7209ec7440bd9c99eb34e8a1c,13688
    pantry-tree:
      size: 22459
      sha256: e8c8a363d30512b23973bb27ea92aed2b612b81d4322bf33bf13a57d0e3dd200
  original:
    hackage: clash-lib-1.6.2
- completed:
    hackage: clash-ghc-1.6.2@sha256:f73b7eabcbbc246bb7b5330b24c1a94d355bb18fefc1195180a180707ae9433e,8991
    pantry-tree:
      size: 3634
      sha256: a7e629194db05c563b76cfad2d22dfc1b71c742daac01375b952a96c0b885485
  original:
    hackage: clash-ghc-1.6.2
- completed:
    hackage: mtl-2.2.2@sha256:1050fb71acd9f5d67da7d992583f5bd0eb14407b9dc7acc122af1b738b706ca3,2261
    pantry-tree:
      size: 1713
      sha256: b8bdc2259e2f943a7252fb164805666fe108ac959d398e0af27b43ba2ebc241c
  original:
    hackage: mtl-2.2.2
- completed:
    hackage: lens-5.1@sha256:2cd46b613b9fb37e6eb64c518fd41cfdf55b15bd217d8780163b5c75974920bf,15013
    pantry-tree:
      size: 8214
      sha256: a01b10a8b32e7aeb1e4fbb922761a3f9a8f28bb9d2270277b849984409aca067
  original:
    hackage: lens-5.1
- completed:
    hackage: extra-1.7.9@sha256:f1dec740f0f2025790c540732bfd52c556ec55bde4f5dfd7cf18e22bd44ff3d0,2683
    pantry-tree:
      size: 1896
      sha256: b55085710e438d198b3552b9eeba2199cd986e326c755a7449f7d171bcb7effc
  original:
    hackage: extra-1.7.9
- completed:
    hackage: barbies-2.0.3.0@sha256:cb400bf207b333d08b3882f6796a52fcd79eeb4924b09dc9b1157124f1cb5dc2,4407
    pantry-tree:
      size: 4429
      sha256: 74e367e7b49bfe847cd44bb4de78d17fc254e908190b0551a1cff7a499aa33ad
  original:
    hackage: barbies-2.0.3.0
- completed:
    hackage: barbies-th-0.1.8@sha256:2855c0f80c683ad30295370e5d9e786d909355695054ae4126ae61ea5c7779c4,1085
    pantry-tree:
      size: 430
      sha256: 9dd90bc19f126c93f4f6220ae37dc84fa8754be54da79a8f64acf1dd79379f63
  original:
    hackage: barbies-th-0.1.8
- completed:
    hackage: generic-monoid-0.1.0.1@sha256:78e2d99cb083607b2ba4010af576ed364cc296c6722ca95e46519bbd6c56ae9d,747
    pantry-tree:
      size: 346
      sha256: 2ea451ae5d5b015c1c965ced3da4ee585895bb0b18ff9250035fbf5f00d5482d
  original:
    hackage: generic-monoid-0.1.0.1
snapshots:
- completed:
    size: 590102
    url: https://raw.githubusercontent.com/commercialhaskell/stackage-snapshots/master/lts/18/27.yaml
    sha256: 79a786674930a89301b0e908fad2822a48882f3d01486117693c377b8edffdbe
  original: lts-18.27
